Microsoft Visual Studio Solution File, Format Version 12.00
# Visual Studio Version 17
VisualStudioVersion = 17.5.2.0
MinimumVisualStudioVersion = 10.0.40219.1
Project("{FAE04EC0-301F-11D3-BF4B-00C04F79EFBC}") = "SystemDesignQ", "SystemDesignQ\SystemDesignQ.csproj", "{024BF8A9-4A3C-2F35-5DCC-8EC4FA4A79C5}"
EndProject
Global
	GlobalSection(SolutionConfigurationPlatforms) = preSolution
		Debug|Any CPU = Debug|Any CPU
		Release|Any CPU = Release|Any CPU
	EndGlobalSection
	GlobalSection(ProjectConfigurationPlatforms) = postSolution
		{024BF8A9-4A3C-2F35-5DCC-8EC4FA4A79C5}.Debug|Any CPU.ActiveCfg = Debug|Any CPU
		{024BF8A9-4A3C-2F35-5DCC-8EC4FA4A79C5}.Debug|Any CPU.Build.0 = Debug|Any CPU
		{024BF8A9-4A3C-2F35-5DCC-8EC4FA4A79C5}.Release|Any CPU.ActiveCfg = Release|Any CPU
		{024BF8A9-4A3C-2F35-5DCC-8EC4FA4A79C5}.Release|Any CPU.Build.0 = Release|Any CPU
	EndGlobalSection
	GlobalSection(SolutionProperties) = preSolution
		HideSolutionNode = FALSE
	EndGlobalSection
	GlobalSection(ExtensibilityGlobals) = postSolution
		SolutionGuid = {9EAE40F3-8611-43A3-8B28-52329FF63A6E}
	EndGlobalSection
EndGlobal
